
Microsoft Visual Studio Solution File, Format Version 12.00
# Visual Studio Version 17
VisualStudioVersion = 17.7.34003.232
MinimumVisualStudioVersion = 10.0.40219.1
Project("{FAE04EC0-301F-11D3-BF4B-00C04F79EFBC}") = "CC_Mid_Question2", "CC_Mid_Question2\CC_Mid_Question2.csproj", "{BFD78967-0F1C-405A-AAE6-BD50E0C3D55A}"
EndProject
Global
	GlobalSection(SolutionConfigurationPlatforms) = preSolution
		Debug|Any CPU = Debug|Any CPU
		Release|Any CPU = Release|Any CPU
	EndGlobalSection
	GlobalSection(ProjectConfigurationPlatforms) = postSolution
		{BFD78967-0F1C-405A-AAE6-BD50E0C3D55A}.Debug|Any CPU.ActiveCfg = Debug|Any CPU
		{BFD78967-0F1C-405A-AAE6-BD50E0C3D55A}.Debug|Any CPU.Build.0 = Debug|Any CPU
		{BFD78967-0F1C-405A-AAE6-BD50E0C3D55A}.Release|Any CPU.ActiveCfg = Release|Any CPU
		{BFD78967-0F1C-405A-AAE6-BD50E0C3D55A}.Release|Any CPU.Build.0 = Release|Any CPU
	EndGlobalSection
	GlobalSection(SolutionProperties) = preSolution
		HideSolutionNode = FALSE
	EndGlobalSection
	GlobalSection(ExtensibilityGlobals) = postSolution
		SolutionGuid = {A7B8F33F-3632-41AC-A283-0122754FE897}
	EndGlobalSection
EndGlobal
